
Microsoft Visual Studio Solution File, Format Version 12.00
# Visual Studio Version 16
VisualStudioVersion = 16.0.30225.117
MinimumVisualStudioVersion = 10.0.40219.1
Project("{FAE04EC0-301F-11D3-BF4B-00C04F79EFBC}") = "DnD Bot", "DnD Bot\DnD Bot.csproj", "{A2A3B6EE-01C3-4B0E-8F11-D9E7AD8F3BDB}"
EndProject
Global
	GlobalSection(SolutionConfigurationPlatforms) = preSolution
		Debug|Any CPU = Debug|Any CPU
		Release|Any CPU = Release|Any CPU
	EndGlobalSection
	GlobalSection(ProjectConfigurationPlatforms) = postSolution
		{A2A3B6EE-01C3-4B0E-8F11-D9E7AD8F3BDB}.Debug|Any CPU.ActiveCfg = Debug|Any CPU
		{A2A3B6EE-01C3-4B0E-8F11-D9E7AD8F3BDB}.Debug|Any CPU.Build.0 = Debug|Any CPU
		{A2A3B6EE-01C3-4B0E-8F11-D9E7AD8F3BDB}.Release|Any CPU.ActiveCfg = Release|Any CPU
		{A2A3B6EE-01C3-4B0E-8F11-D9E7AD8F3BDB}.Release|Any CPU.Build.0 = Release|Any CPU
	EndGlobalSection
	GlobalSection(SolutionProperties) = preSolution
		HideSolutionNode = FALSE
	EndGlobalSection
	GlobalSection(ExtensibilityGlobals) = postSolution
		SolutionGuid = {9EA3780E-2983-4AC3-A908-4E2C2FD5A83D}
	EndGlobalSection
EndGlobal
